// !$*UTF8*$!
{
	archiveVersion = 1;
	classes = {
	};
	objectVersion = 46;
	objects = {

/* Begin PBXBuildFile section */
		046D9E6E1D51986D00A9FFEC /* HUWebImageDownloader.m in Sources */ = {isa = PBXBuildFile; fileRef = 046D9E671D51986D00A9FFEC /* HUWebImageDownloader.m */; };
		046D9E6F1D51986D00A9FFEC /* HUWebImageDownloadOperation.m in Sources */ = {isa = PBXBuildFile; fileRef = 046D9E691D51986D00A9FFEC /* HUWebImageDownloadOperation.m */; };
		046D9E701D51986D00A9FFEC /* UIImage+HUExtension.m in Sources */ = {isa = PBXBuildFile; fileRef = 046D9E6B1D51986D00A9FFEC /* UIImage+HUExtension.m */; };
		046D9E711D51986D00A9FFEC /* UIImageView+HUWebImage.m in Sources */ = {isa = PBXBuildFile; fileRef = 046D9E6D1D51986D00A9FFEC /* UIImageView+HUWebImage.m */; };
		047F1E8A1D50996D007808DE /* AppDelegate.swift in Sources */ = {isa = PBXBuildFile; fileRef = 047F1E891D50996D007808DE /* AppDelegate.swift */; };
		047F1E8C1D50996D007808DE /* ViewController.swift in Sources */ = {isa = PBXBuildFile; fileRef = 047F1E8B1D50996D007808DE /* ViewController.swift */; };
		047F1E8F1D50996D007808DE /* Main.storyboard in Resources */ = {isa = PBXBuildFile; fileRef = 047F1E8D1D50996D007808DE /* Main.storyboard */; };
		047F1E911D50996D007808DE /* Assets.xcassets in Resources */ = {isa = PBXBuildFile; fileRef = 047F1E901D50996D007808DE /* Assets.xcassets */; };
		047F1E941D50996D007808DE /* LaunchScreen.storyboard in Resources */ = {isa = PBXBuildFile; fileRef = 047F1E921D50996D007808DE /* LaunchScreen.storyboard */; };
		047F1EAC1D5099FF007808DE /* HUScrollCycleView.swift in Sources */ = {isa = PBXBuildFile; fileRef = 047F1EAB1D5099FF007808DE /* HUScrollCycleView.swift */; };
		047F1EB21D50A946007808DE /* a.jpg in Resources */ = {isa = PBXBuildFile; fileRef = 047F1EAE1D50A946007808DE /* a.jpg */; };
		047F1EB31D50A946007808DE /* b.jpg in Resources */ = {isa = PBXBuildFile; fileRef = 047F1EAF1D50A946007808DE /* b.jpg */; };
		047F1EB41D50A946007808DE /* c.jpg in Resources */ = {isa = PBXBuildFile; fileRef = 047F1EB01D50A946007808DE /* c.jpg */; };
		047F1EB51D50A946007808DE /* d.jpg in Resources */ = {isa = PBXBuildFile; fileRef = 047F1EB11D50A946007808DE /* d.jpg */; };
/* End PBXBuildFile section */

/* Begin PBXFileReference section */
		046D9E651D51986D00A9FFEC /* HUWebImage.h */ = {isa = PBXFileReference; fileEncoding = 4; lastKnownFileType = sourcecode.c.h; path = HUWebImage.h; sourceTree = "<group>"; };
		046D9E661D51986D00A9FFEC /* HUWebImageDownloader.h */ = {isa = PBXFileReference; fileEncoding = 4; lastKnownFileType = sourcecode.c.h; path = HUWebImageDownloader.h; sourceTree = "<group>"; };
		046D9E671D51986D00A9FFEC /* HUWebImageDownloader.m */ = {isa = PBXFileReference; fileEncoding = 4; lastKnownFileType = sourcecode.c.objc; path = HUWebImageDownloader.m; sourceTree = "<group>"; };
		046D9E681D51986D00A9FFEC /* HUWebImageDownloadOperation.h */ = {isa = PBXFileReference; fileEncoding = 4; lastKnownFileType = sourcecode.c.h; path = HUWebImageDownloadOperation.h; sourceTree = "<group>"; };
		046D9E691D51986D00A9FFEC /* HUWebImageDownloadOperation.m */ = {isa = PBXFileReference; fileEncoding = 4; lastKnownFileType = sourcecode.c.objc; path = HUWebImageDownloadOperation.m; sourceTree = "<group>"; };
		046D9E6A1D51986D00A9FFEC /* UIImage+HUExtension.h */ = {isa = PBXFileReference; fileEncoding = 4; lastKnownFileType = sourcecode.c.h; path = "UIImage+HUExtension.h"; sourceTree = "<group>"; };
		046D9E6B1D51986D00A9FFEC /* UIImage+HUExtension.m */ = {isa = PBXFileReference; fileEncoding = 4; lastKnownFileType = sourcecode.c.objc; path = "UIImage+HUExtension.m"; sourceTree = "<group>"; };
		046D9E6C1D51986D00A9FFEC /* UIImageView+HUWebImage.h */ = {isa = PBXFileReference; fileEncoding = 4; lastKnownFileType = sourcecode.c.h; path = "UIImageView+HUWebImage.h"; sourceTree = "<group>"; };
		046D9E6D1D51986D00A9FFEC /* UIImageView+HUWebImage.m */ = {isa = PBXFileReference; fileEncoding = 4; lastKnownFileType = sourcecode.c.objc; path = "UIImageView+HUWebImage.m"; sourceTree = "<group>"; };
		047F1E861D50996D007808DE /* HUScrollCycle.app */ = {isa = PBXFileReference; explicitFileType = wrapper.application; includeInIndex = 0; path = HUScrollCycle.app; sourceTree = BUILT_PRODUCTS_DIR; };
		047F1E891D50996D007808DE /* AppDelegate.swift */ = {isa = PBXFileReference; lastKnownFileType = sourcecode.swift; path = AppDelegate.swift; sourceTree = "<group>"; };
		047F1E8B1D50996D007808DE /* ViewController.swift */ = {isa = PBXFileReference; lastKnownFileType = sourcecode.swift; path = ViewController.swift; sourceTree = "<group>"; };
		047F1E8E1D50996D007808DE /* Base */ = {isa = PBXFileReference; lastKnownFileType = file.storyboard; name = Base; path = Base.lproj/Main.storyboard; sourceTree = "<group>"; };
		047F1E901D50996D007808DE /* Assets.xcassets */ = {isa = PBXFileReference; lastKnownFileType = folder.assetcatalog; path = Assets.xcassets; sourceTree = "<group>"; };
		047F1E931D50996D007808DE /* Base */ = {isa = PBXFileReference; lastKnownFileType = file.storyboard; name = Base; path = Base.lproj/LaunchScreen.storyboard; sourceTree = "<group>"; };
		047F1E951D50996D007808DE /* Info.plist */ = {isa = PBXFileReference; lastKnownFileType = text.plist.xml; path = Info.plist; sourceTree = "<group>"; };
		047F1EAB1D5099FF007808DE /* HUScrollCycleView.swift */ = {isa = PBXFileReference; fileEncoding = 4; lastKnownFileType = sourcecode.swift; path = HUScrollCycleView.swift; sourceTree = "<group>"; };
		047F1EAD1D509FD8007808DE /* HUScrollCycle-Bridging-Header.h */ = {isa = PBXFileReference; fileEncoding = 4; lastKnownFileType = sourcecode.c.h; path = "HUScrollCycle-Bridging-Header.h"; sourceTree = "<group>"; };
		047F1EAE1D50A946007808DE /* a.jpg */ = {isa = PBXFileReference; lastKnownFileType = image.jpeg; path = a.jpg; sourceTree = "<group>"; };
		047F1EAF1D50A946007808DE /* b.jpg */ = {isa = PBXFileReference; lastKnownFileType = image.jpeg; path = b.jpg; sourceTree = "<group>"; };
		047F1EB01D50A946007808DE /* c.jpg */ = {isa = PBXFileReference; lastKnownFileType = image.jpeg; path = c.jpg; sourceTree = "<group>"; };
		047F1EB11D50A946007808DE /* d.jpg */ = {isa = PBXFileReference; lastKnownFileType = image.jpeg; path = d.jpg; sourceTree = "<group>"; };
/* End PBXFileReference section */

/* Begin PBXFrameworksBuildPhase section */
		047F1E831D50996D007808DE /* Frameworks */ = {
			isa = PBXFrameworksBuildPhase;
			buildActionMask = 2147483647;
			files = (
			);
			runOnlyForDeploymentPostprocessing = 0;
		};
/* End PBXFrameworksBuildPhase section */

/* Begin PBXGroup section */
		046D9E641D518C0F00A9FFEC /* HUScrollCycleView */ = {
			isa = PBXGroup;
			children = (
				047F1EAB1D5099FF007808DE /* HUScrollCycleView.swift */,
				047F1EAD1D509FD8007808DE /* HUScrollCycle-Bridging-Header.h */,
				047F1E9B1D509979007808DE /* HUWebImageDownloader */,
			);
			path = HUScrollCycleView;
			sourceTree = "<group>";
		};
		047F1E7D1D50996D007808DE = {
			isa = PBXGroup;
			children = (
				047F1E881D50996D007808DE /* HUScrollCycle */,
				047F1E871D50996D007808DE /* Products */,
			);
			sourceTree = "<group>";
		};
		047F1E871D50996D007808DE /* Products */ = {
			isa = PBXGroup;
			children = (
				047F1E861D50996D007808DE /* HUScrollCycle.app */,
			);
			name = Products;
			sourceTree = "<group>";
		};
		047F1E881D50996D007808DE /* HUScrollCycle */ = {
			isa = PBXGroup;
			children = (
				047F1E891D50996D007808DE /* AppDelegate.swift */,
				047F1E8B1D50996D007808DE /* ViewController.swift */,
				046D9E641D518C0F00A9FFEC /* HUScrollCycleView */,
				047F1E8D1D50996D007808DE /* Main.storyboard */,
				047F1E901D50996D007808DE /* Assets.xcassets */,
				047F1E921D50996D007808DE /* LaunchScreen.storyboard */,
				047F1E951D50996D007808DE /* Info.plist */,
				047F1EAE1D50A946007808DE /* a.jpg */,
				047F1EAF1D50A946007808DE /* b.jpg */,
				047F1EB01D50A946007808DE /* c.jpg */,
				047F1EB11D50A946007808DE /* d.jpg */,
			);
			path = HUScrollCycle;
			sourceTree = "<group>";
		};
		047F1E9B1D509979007808DE /* HUWebImageDownloader */ = {
			isa = PBXGroup;
			children = (
				046D9E651D51986D00A9FFEC /* HUWebImage.h */,
				046D9E661D51986D00A9FFEC /* HUWebImageDownloader.h */,
				046D9E671D51986D00A9FFEC /* HUWebImageDownloader.m */,
				046D9E681D51986D00A9FFEC /* HUWebImageDownloadOperation.h */,
				046D9E691D51986D00A9FFEC /* HUWebImageDownloadOperation.m */,
				046D9E6A1D51986D00A9FFEC /* UIImage+HUExtension.h */,
				046D9E6B1D51986D00A9FFEC /* UIImage+HUExtension.m */,
				046D9E6C1D51986D00A9FFEC /* UIImageView+HUWebImage.h */,
				046D9E6D1D51986D00A9FFEC /* UIImageView+HUWebImage.m */,
			);
			path = HUWebImageDownloader;
			sourceTree = "<group>";
		};
/* End PBXGroup section */

/* Begin PBXNativeTarget section */
		047F1E851D50996D007808DE /* HUScrollCycle */ = {
			isa = PBXNativeTarget;
			buildConfigurationList = 047F1E981D50996D007808DE /* Build configuration list for PBXNativeTarget "HUScrollCycle" */;
			buildPhases = (
				047F1E821D50996D007808DE /* Sources */,
				047F1E831D50996D007808DE /* Frameworks */,
				047F1E841D50996D007808DE /* Resources */,
			);
			buildRules = (
			);
			dependencies = (
			);
			name = HUScrollCycle;
			productName = HUScrollCycle;
			productReference = 047F1E861D50996D007808DE /* HUScrollCycle.app */;
			productType = "com.apple.product-type.application";
		};
/* End PBXNativeTarget section */

/* Begin PBXProject section */
		047F1E7E1D50996D007808DE /* Project object */ = {
			isa = PBXProject;
			attributes = {
				LastSwiftUpdateCheck = 0730;
				LastUpgradeCheck = 0730;
				ORGANIZATIONNAME = hujewelz;
				TargetAttributes = {
					047F1E851D50996D007808DE = {
						CreatedOnToolsVersion = 7.3.1;
					};
				};
			};
			buildConfigurationList = 047F1E811D50996D007808DE /* Build configuration list for PBXProject "HUScrollCycle" */;
			compatibilityVersion = "Xcode 3.2";
			developmentRegion = English;
			hasScannedForEncodings = 0;
			knownRegions = (
				en,
				Base,
			);
			mainGroup = 047F1E7D1D50996D007808DE;
			productRefGroup = 047F1E871D50996D007808DE /* Products */;
			projectDirPath = "";
			projectRoot = "";
			targets = (
				047F1E851D50996D007808DE /* HUScrollCycle */,
			);
		};
/* End PBXProject section */

/* Begin PBXResourcesBuildPhase section */
		047F1E841D50996D007808DE /* Resources */ = {
			isa = PBXResourcesBuildPhase;
			buildActionMask = 2147483647;
			files = (
				047F1E941D50996D007808DE /* LaunchScreen.storyboard in Resources */,
				047F1EB31D50A946007808DE /* b.jpg in Resources */,
				047F1EB21D50A946007808DE /* a.jpg in Resources */,
				047F1EB41D50A946007808DE /* c.jpg in Resources */,
				047F1E911D50996D007808DE /* Assets.xcassets in Resources */,
				047F1EB51D50A946007808DE /* d.jpg in Resources */,
				047F1E8F1D50996D007808DE /* Main.storyboard in Resources */,
			);
			runOnlyForDeploymentPostprocessing = 0;
		};
/* End PBXResourcesBuildPhase section */

/* Begin PBXSourcesBuildPhase section */
		047F1E821D50996D007808DE /* Sources */ = {
			isa = PBXSourcesBuildPhase;
			buildActionMask = 2147483647;
			files = (
				046D9E6F1D51986D00A9FFEC /* HUWebImageDownloadOperation.m in Sources */,
				047F1E8C1D50996D007808DE /* ViewController.swift in Sources */,
				047F1E8A1D50996D007808DE /* AppDelegate.swift in Sources */,
				046D9E701D51986D00A9FFEC /* UIImage+HUExtension.m in Sources */,
				047F1EAC1D5099FF007808DE /* HUScrollCycleView.swift in Sources */,
				046D9E711D51986D00A9FFEC /* UIImageView+HUWebImage.m in Sources */,
				046D9E6E1D51986D00A9FFEC /* HUWebImageDownloader.m in Sources */,
			);
			runOnlyForDeploymentPostprocessing = 0;
		};
/* End PBXSourcesBuildPhase section */

/* Begin PBXVariantGroup section */
		047F1E8D1D50996D007808DE /* Main.storyboard */ = {
			isa = PBXVariantGroup;
			children = (
				047F1E8E1D50996D007808DE /* Base */,
			);
			name = Main.storyboard;
			sourceTree = "<group>";
		};
		047F1E921D50996D007808DE /* LaunchScreen.storyboard */ = {
			isa = PBXVariantGroup;
			children = (
				047F1E931D50996D007808DE /* Base */,
			);
			name = LaunchScreen.storyboard;
			sourceTree = "<group>";
		};
/* End PBXVariantGroup section */

/* Begin XCBuildConfiguration section */
		047F1E961D50996D007808DE /* Debug */ = {
			isa = XCBuildConfiguration;
			buildSettings = {
				ALWAYS_SEARCH_USER_PATHS = NO;
				CLANG_ANALYZER_NONNULL = YES;
				CLANG_CXX_LANGUAGE_STANDARD = "gnu++0x";
				CLANG_CXX_LIBRARY = "libc++";
				CLANG_ENABLE_MODULES = YES;
				CLANG_ENABLE_OBJC_ARC = YES;
				CLANG_WARN_BOOL_CONVERSION = YES;
				CLANG_WARN_CONSTANT_CONVERSION = YES;
				CLANG_WARN_DIRECT_OBJC_ISA_USAGE = YES_ERROR;
				CLANG_WARN_EMPTY_BODY = YES;
				CLANG_WARN_ENUM_CONVERSION = YES;
				CLANG_WARN_INT_CONVERSION = YES;
				CLANG_WARN_OBJC_ROOT_CLASS = YES_ERROR;
				CLANG_WARN_UNREACHABLE_CODE = YES;
				CLANG_WARN__DUPLICATE_METHOD_MATCH = YES;
				"CODE_SIGN_IDENTITY[sdk=iphoneos*]" = "iPhone Developer";
				COPY_PHASE_STRIP = NO;
				DEBUG_INFORMATION_FORMAT = dwarf;
				ENABLE_STRICT_OBJC_MSGSEND = YES;
				ENABLE_TESTABILITY = YES;
				GCC_C_LANGUAGE_STANDARD = gnu99;
				GCC_DYNAMIC_NO_PIC = NO;
				GCC_NO_COMMON_BLOCKS = YES;
				GCC_OPTIMIZATION_LEVEL = 0;
				GCC_PREPROCESSOR_DEFINITIONS = (
					"DEBUG=1",
					"$(inherited)",
				);
				GCC_WARN_64_TO_32_BIT_CONVERSION = YES;
				GCC_WARN_ABOUT_RETURN_TYPE = YES_ERROR;
				GCC_WARN_UNDECLARED_SELECTOR = YES;
				GCC_WARN_UNINITIALIZED_AUTOS = YES_AGGRESSIVE;
				GCC_WARN_UNUSED_FUNCTION = YES;
				GCC_WARN_UNUSED_VARIABLE = YES;
				IPHONEOS_DEPLOYMENT_TARGET = 9.3;
				MTL_ENABLE_DEBUG_INFO = YES;
				ONLY_ACTIVE_ARCH = YES;
				SDKROOT = iphoneos;
				SWIFT_OPTIMIZATION_LEVEL = "-Onone";
				TARGETED_DEVICE_FAMILY = "1,2";
			};
			name = Debug;
		};
		047F1E971D50996D007808DE /* Release */ = {
			isa = XCBuildConfiguration;
			buildSettings = {
				ALWAYS_SEARCH_USER_PATHS = NO;
				CLANG_ANALYZER_NONNULL = YES;
				CLANG_CXX_LANGUAGE_STANDARD = "gnu++0x";
				CLANG_CXX_LIBRARY = "libc++";
				CLANG_ENABLE_MODULES = YES;
				CLANG_ENABLE_OBJC_ARC = YES;
				CLANG_WARN_BOOL_CONVERSION = YES;
				CLANG_WARN_CONSTANT_CONVERSION = YES;
				CLANG_WARN_DIRECT_OBJC_ISA_USAGE = YES_ERROR;
				CLANG_WARN_EMPTY_BODY = YES;
				CLANG_WARN_ENUM_CONVERSION = YES;
				CLANG_WARN_INT_CONVERSION = YES;
				CLANG_WARN_OBJC_ROOT_CLASS = YES_ERROR;
				CLANG_WARN_UNREACHABLE_CODE = YES;
				CLANG_WARN__DUPLICATE_METHOD_MATCH = YES;
				"CODE_SIGN_IDENTITY[sdk=iphoneos*]" = "iPhone Developer";
				COPY_PHASE_STRIP = NO;
				DEBUG_INFORMATION_FORMAT = "dwarf-with-dsym";
				ENABLE_NS_ASSERTIONS = NO;
				ENABLE_STRICT_OBJC_MSGSEND = YES;
				GCC_C_LANGUAGE_STANDARD = gnu99;
				GCC_NO_COMMON_BLOCKS = YES;
				GCC_WARN_64_TO_32_BIT_CONVERSION = YES;
				GCC_WARN_ABOUT_RETURN_TYPE = YES_ERROR;
				GCC_WARN_UNDECLARED_SELECTOR = YES;
				GCC_WARN_UNINITIALIZED_AUTOS = YES_AGGRESSIVE;
				GCC_WARN_UNUSED_FUNCTION = YES;
				GCC_WARN_UNUSED_VARIABLE = YES;
				IPHONEOS_DEPLOYMENT_TARGET = 9.3;
				MTL_ENABLE_DEBUG_INFO = NO;
				SDKROOT = iphoneos;
				TARGETED_DEVICE_FAMILY = "1,2";
				VALIDATE_PRODUCT = YES;
			};
			name = Release;
		};
		047F1E991D50996D007808DE /* Debug */ = {
			isa = XCBuildConfiguration;
			buildSettings = {
				ASSETCATALOG_COMPILER_APPICON_NAME = AppIcon;
				INFOPLIST_FILE = HUScrollCycle/Info.plist;
				LD_RUNPATH_SEARCH_PATHS = "$(inherited) @executable_path/Frameworks";
				PRODUCT_BUNDLE_IDENTIFIER = com.hujewelz.HUScrollCycle;
				PRODUCT_NAME = "$(TARGET_NAME)";
				SWIFT_OBJC_BRIDGING_HEADER = "/Users/mac/Developer/HUScrollCycle/HUScrollCycle/HUScrollCycleView/HUScrollCycle-Bridging-Header.h";
			};
			name = Debug;
		};
		047F1E9A1D50996D007808DE /* Release */ = {
			isa = XCBuildConfiguration;
			buildSettings = {
				ASSETCATALOG_COMPILER_APPICON_NAME = AppIcon;
				INFOPLIST_FILE = HUScrollCycle/Info.plist;
				LD_RUNPATH_SEARCH_PATHS = "$(inherited) @executable_path/Frameworks";
				PRODUCT_BUNDLE_IDENTIFIER = com.hujewelz.HUScrollCycle;
				PRODUCT_NAME = "$(TARGET_NAME)";
				SWIFT_OBJC_BRIDGING_HEADER = "/Users/mac/Developer/HUScrollCycle/HUScrollCycle/HUScrollCycleView/HUScrollCycle-Bridging-Header.h";
			};
			name = Release;
		};
/* End XCBuildConfiguration section */

/* Begin XCConfigurationList section */
		047F1E811D50996D007808DE /* Build configuration list for PBXProject "HUScrollCycle" */ = {
			isa = XCConfigurationList;
			buildConfigurations = (
				047F1E961D50996D007808DE /* Debug */,
				047F1E971D50996D007808DE /* Release */,
			);
			defaultConfigurationIsVisible = 0;
			defaultConfigurationName = Release;
		};
		047F1E981D50996D007808DE /* Build configuration list for PBXNativeTarget "HUScrollCycle" */ = {
			isa = XCConfigurationList;
			buildConfigurations = (
				047F1E991D50996D007808DE /* Debug */,
				047F1E9A1D50996D007808DE /* Release */,
			);
			defaultConfigurationIsVisible = 0;
			defaultConfigurationName = Release;
		};
/* End XCConfigurationList section */
	};
	rootObject = 047F1E7E1D50996D007808DE /* Project object */;
}
